
Microsoft Visual Studio Solution File, Format Version 12.00
# Visual Studio Version 17
VisualStudioVersion = 17.3.32825.248
MinimumVisualStudioVersion = 10.0.40219.1
Project("{FAE04EC0-301F-11D3-BF4B-00C04F79EFBC}") = "FerieWPFApp", "FerieWPFApp\FerieWPFApp.csproj", "{A8D57E0C-9003-4534-9E18-CF3BE11CA234}"
EndProject
Global
	GlobalSection(SolutionConfigurationPlatforms) = preSolution
		Debug|Any CPU = Debug|Any CPU
		Release|Any CPU = Release|Any CPU
	EndGlobalSection
	GlobalSection(ProjectConfigurationPlatforms) = postSolution
		{A8D57E0C-9003-4534-9E18-CF3BE11CA234}.Debug|Any CPU.ActiveCfg = Debug|Any CPU
		{A8D57E0C-9003-4534-9E18-CF3BE11CA234}.Debug|Any CPU.Build.0 = Debug|Any CPU
		{A8D57E0C-9003-4534-9E18-CF3BE11CA234}.Release|Any CPU.ActiveCfg = Release|Any CPU
		{A8D57E0C-9003-4534-9E18-CF3BE11CA234}.Release|Any CPU.Build.0 = Release|Any CPU
	EndGlobalSection
	GlobalSection(SolutionProperties) = preSolution
		HideSolutionNode = FALSE
	EndGlobalSection
	GlobalSection(ExtensibilityGlobals) = postSolution
		SolutionGuid = {A69A4E12-55C4-489D-9397-C9ECD92677D6}
	EndGlobalSection
EndGlobal
